{
  "name": "src",
  "lockfileVersion": 3,
  "requires": true,
  "packages": {
    "": {
      "dependencies": {
        "@citizenfx/client": "^2.0.6356-1",
        "@citizenfx/server": "^2.0.6356-1"
      }
    },
    "node_modules/@citizenfx/client": {
      "version": "2.0.6356-1",
      "resolved": "https://registry.npmjs.org/@citizenfx/client/-/client-2.0.6356-1.tgz",
      "integrity": "sha512-ZHmZdkWSXZALozm8BK1RlocJlLFfN+sL0F+1N9Cd0eaeH/LK7494UjeKtHWtzSjbIpE0xclZudXIFi12hMfvVA=="
    },
    "node_modules/@citizenfx/server": {
      "version": "2.0.6356-1",
      "resolved": "https://registry.npmjs.org/@citizenfx/server/-/server-2.0.6356-1.tgz",
      "integrity": "sha512-WOJFKPoqMYzxOL4WrUAHF+oQl42bjOP24NmmC0C8PHI6ptWjbZlseSgRr/B20EeS7ebXFiBe3bRvWHtESEcFVQ=="
    }
  }
}
